{
  "version": "5",
  "specifiers": {
    "jsr:@kawarimidoll/markup-tag@1": "1.0.1",
    "jsr:@std/assert@1": "1.0.19",
    "jsr:@std/internal@^1.0.12": "1.0.12"
  },
  "jsr": {
    "@kawarimidoll/markup-tag@1.0.1": {
      "integrity": "9dfda755e10b52629134e11541b3484f835c1df45679872babdeb854bada0b7d"
    },
    "@std/assert@1.0.19": {
      "integrity": "eaada96ee120cb980bc47e040f82814d786fe8162ecc53c91d8df60b8755991e",
      "dependencies": [
        "jsr:@std/internal"
      ]
    },
    "@std/internal@1.0.12": {
      "integrity": "972a634fd5bc34b242024402972cd5143eac68d8dffaca5eaa4dba30ce17b027"
    }
  },
  "workspace": {
    "dependencies": [
      "jsr:@kawarimidoll/markup-tag@1",
      "jsr:@std/assert@1"
    ]
  }
}
